
Microsoft Visual Studio Solution File, Format Version 12.00
# Visual Studio Version 16
VisualStudioVersion = 16.0.30104.148
MinimumVisualStudioVersion = 10.0.40219.1
Project("{9A19103F-16F7-4668-BE54-9A1E7A4F7556}") = "TextBooker.Api", "TextBooker.Api\TextBooker.Api.csproj", "{BFDC36B9-D532-4047-9F9A-39264D19A31A}"
EndProject
Project("{9A19103F-16F7-4668-BE54-9A1E7A4F7556}") = "TextBooker.Contracts", "TextBooker.Contracts\TextBooker.Contracts.csproj", "{C133FF51-1C31-4DC4-8D4B-5532924558E9}"
EndProject
Project("{9A19103F-16F7-4668-BE54-9A1E7A4F7556}") = "TextBooker.BusinessLogic", "TextBooker.BusinessLogic\TextBooker.BusinessLogic.csproj", "{D78F2D60-7B00-4346-A65D-96B9EBCAC40F}"
EndProject
Project("{9A19103F-16F7-4668-BE54-9A1E7A4F7556}") = "TextBooker.DataAccess", "TextBooker.DataAccess\TextBooker.DataAccess.csproj", "{6D50C604-A9B7-45FE-BE7A-0DDC09F3AAAA}"
EndProject
Project("{FAE04EC0-301F-11D3-BF4B-00C04F79EFBC}") = "TextBooker.Common", "TextBooker.Common\TextBooker.Common.csproj", "{FF190493-3291-4F6E-9C48-2B65B9D12B60}"
EndProject
Global
	GlobalSection(SolutionConfigurationPlatforms) = preSolution
		Debug|Any CPU = Debug|Any CPU
		Release|Any CPU = Release|Any CPU
	EndGlobalSection
	GlobalSection(ProjectConfigurationPlatforms) = postSolution
		{BFDC36B9-D532-4047-9F9A-39264D19A31A}.Debug|Any CPU.ActiveCfg = Debug|Any CPU
		{BFDC36B9-D532-4047-9F9A-39264D19A31A}.Debug|Any CPU.Build.0 = Debug|Any CPU
		{BFDC36B9-D532-4047-9F9A-39264D19A31A}.Release|Any CPU.ActiveCfg = Release|Any CPU
		{BFDC36B9-D532-4047-9F9A-39264D19A31A}.Release|Any CPU.Build.0 = Release|Any CPU
		{C133FF51-1C31-4DC4-8D4B-5532924558E9}.Debug|Any CPU.ActiveCfg = Debug|Any CPU
		{C133FF51-1C31-4DC4-8D4B-5532924558E9}.Debug|Any CPU.Build.0 = Debug|Any CPU
		{C133FF51-1C31-4DC4-8D4B-5532924558E9}.Release|Any CPU.ActiveCfg = Release|Any CPU
		{C133FF51-1C31-4DC4-8D4B-5532924558E9}.Release|Any CPU.Build.0 = Release|Any CPU
		{D78F2D60-7B00-4346-A65D-96B9EBCAC40F}.Debug|Any CPU.ActiveCfg = Debug|Any CPU
		{D78F2D60-7B00-4346-A65D-96B9EBCAC40F}.Debug|Any CPU.Build.0 = Debug|Any CPU
		{D78F2D60-7B00-4346-A65D-96B9EBCAC40F}.Release|Any CPU.ActiveCfg = Release|Any CPU
		{D78F2D60-7B00-4346-A65D-96B9EBCAC40F}.Release|Any CPU.Build.0 = Release|Any CPU
		{6D50C604-A9B7-45FE-BE7A-0DDC09F3AAAA}.Debug|Any CPU.ActiveCfg = Debug|Any CPU
		{6D50C604-A9B7-45FE-BE7A-0DDC09F3AAAA}.Debug|Any CPU.Build.0 = Debug|Any CPU
		{6D50C604-A9B7-45FE-BE7A-0DDC09F3AAAA}.Release|Any CPU.ActiveCfg = Release|Any CPU
		{6D50C604-A9B7-45FE-BE7A-0DDC09F3AAAA}.Release|Any CPU.Build.0 = Release|Any CPU
		{FF190493-3291-4F6E-9C48-2B65B9D12B60}.Debug|Any CPU.ActiveCfg = Debug|Any CPU
		{FF190493-3291-4F6E-9C48-2B65B9D12B60}.Debug|Any CPU.Build.0 = Debug|Any CPU
		{FF190493-3291-4F6E-9C48-2B65B9D12B60}.Release|Any CPU.ActiveCfg = Release|Any CPU
		{FF190493-3291-4F6E-9C48-2B65B9D12B60}.Release|Any CPU.Build.0 = Release|Any CPU
	EndGlobalSection
	GlobalSection(SolutionProperties) = preSolution
		HideSolutionNode = FALSE
	EndGlobalSection
	GlobalSection(ExtensibilityGlobals) = postSolution
		SolutionGuid = {3873032C-4356-41D6-9835-94356D65F89E}
	EndGlobalSection
EndGlobal
